
Microsoft Visual Studio Solution File, Format Version 11.00
# Visual Studio 2010
Project("{FAE04EC0-301F-11D3-BF4B-00C04F79EFBC}") = "ChessLaw", "..\ChessPresenter\ChessLaw\ChessLaw.csproj", "{9D200632-A81A-4005-900E-B2DA517D4A64}"
EndProject
Project("{FAE04EC0-301F-11D3-BF4B-00C04F79EFBC}") = "Data", "Data\Data.csproj", "{B77DA9D2-65B3-4A3F-86E6-B53A1FD728B0}"
EndProject
Project("{FAE04EC0-301F-11D3-BF4B-00C04F79EFBC}") = "TD(0)BlackService", "TD(0)BlackService\TD(0)BlackService.csproj", "{2DDC0131-AE59-4A51-9FD0-7686DEFEC7F1}"
EndProject
Project("{FAE04EC0-301F-11D3-BF4B-00C04F79EFBC}") = "TestAI", "TestAI\TestAI.csproj", "{41E0E42B-51E4-4CA7-927A-C56DE0D71517}"
EndProject
Global
	GlobalSection(SolutionConfigurationPlatforms) = preSolution
		Debug|Any CPU = Debug|Any CPU
		Debug|Mixed Platforms = Debug|Mixed Platforms
		Debug|x86 = Debug|x86
		Release|Any CPU = Release|Any CPU
		Release|Mixed Platforms = Release|Mixed Platforms
		Release|x86 = Release|x86
	EndGlobalSection
	GlobalSection(ProjectConfigurationPlatforms) = postSolution
		{9D200632-A81A-4005-900E-B2DA517D4A64}.Debug|Any CPU.ActiveCfg = Debug|Any CPU
		{9D200632-A81A-4005-900E-B2DA517D4A64}.Debug|Any CPU.Build.0 = Debug|Any CPU
		{9D200632-A81A-4005-900E-B2DA517D4A64}.Debug|Mixed Platforms.ActiveCfg = Debug|Any CPU
		{9D200632-A81A-4005-900E-B2DA517D4A64}.Debug|Mixed Platforms.Build.0 = Debug|Any CPU
		{9D200632-A81A-4005-900E-B2DA517D4A64}.Debug|x86.ActiveCfg = Debug|Any CPU
		{9D200632-A81A-4005-900E-B2DA517D4A64}.Release|Any CPU.ActiveCfg = Release|Any CPU
		{9D200632-A81A-4005-900E-B2DA517D4A64}.Release|Any CPU.Build.0 = Release|Any CPU
		{9D200632-A81A-4005-900E-B2DA517D4A64}.Release|Mixed Platforms.ActiveCfg = Release|Any CPU
		{9D200632-A81A-4005-900E-B2DA517D4A64}.Release|Mixed Platforms.Build.0 = Release|Any CPU
		{9D200632-A81A-4005-900E-B2DA517D4A64}.Release|x86.ActiveCfg = Release|Any CPU
		{B77DA9D2-65B3-4A3F-86E6-B53A1FD728B0}.Debug|Any CPU.ActiveCfg = Debug|Any CPU
		{B77DA9D2-65B3-4A3F-86E6-B53A1FD728B0}.Debug|Any CPU.Build.0 = Debug|Any CPU
		{B77DA9D2-65B3-4A3F-86E6-B53A1FD728B0}.Debug|Mixed Platforms.ActiveCfg = Debug|Any CPU
		{B77DA9D2-65B3-4A3F-86E6-B53A1FD728B0}.Debug|Mixed Platforms.Build.0 = Debug|Any CPU
		{B77DA9D2-65B3-4A3F-86E6-B53A1FD728B0}.Debug|x86.ActiveCfg = Debug|Any CPU
		{B77DA9D2-65B3-4A3F-86E6-B53A1FD728B0}.Release|Any CPU.ActiveCfg = Release|Any CPU
		{B77DA9D2-65B3-4A3F-86E6-B53A1FD728B0}.Release|Any CPU.Build.0 = Release|Any CPU
		{B77DA9D2-65B3-4A3F-86E6-B53A1FD728B0}.Release|Mixed Platforms.ActiveCfg = Release|Any CPU
		{B77DA9D2-65B3-4A3F-86E6-B53A1FD728B0}.Release|Mixed Platforms.Build.0 = Release|Any CPU
		{B77DA9D2-65B3-4A3F-86E6-B53A1FD728B0}.Release|x86.ActiveCfg = Release|Any CPU
		{2DDC0131-AE59-4A51-9FD0-7686DEFEC7F1}.Debug|Any CPU.ActiveCfg = Debug|x86
		{2DDC0131-AE59-4A51-9FD0-7686DEFEC7F1}.Debug|Any CPU.Build.0 = Debug|x86
		{2DDC0131-AE59-4A51-9FD0-7686DEFEC7F1}.Debug|Mixed Platforms.ActiveCfg = Debug|x86
		{2DDC0131-AE59-4A51-9FD0-7686DEFEC7F1}.Debug|Mixed Platforms.Build.0 = Debug|x86
		{2DDC0131-AE59-4A51-9FD0-7686DEFEC7F1}.Debug|x86.ActiveCfg = Debug|x86
		{2DDC0131-AE59-4A51-9FD0-7686DEFEC7F1}.Debug|x86.Build.0 = Debug|x86
		{2DDC0131-AE59-4A51-9FD0-7686DEFEC7F1}.Release|Any CPU.ActiveCfg = Release|x86
		{2DDC0131-AE59-4A51-9FD0-7686DEFEC7F1}.Release|Mixed Platforms.ActiveCfg = Release|x86
		{2DDC0131-AE59-4A51-9FD0-7686DEFEC7F1}.Release|Mixed Platforms.Build.0 = Release|x86
		{2DDC0131-AE59-4A51-9FD0-7686DEFEC7F1}.Release|x86.ActiveCfg = Release|x86
		{2DDC0131-AE59-4A51-9FD0-7686DEFEC7F1}.Release|x86.Build.0 = Release|x86
		{41E0E42B-51E4-4CA7-927A-C56DE0D71517}.Debug|Any CPU.ActiveCfg = Debug|x86
		{41E0E42B-51E4-4CA7-927A-C56DE0D71517}.Debug|Any CPU.Build.0 = Debug|x86
		{41E0E42B-51E4-4CA7-927A-C56DE0D71517}.Debug|Mixed Platforms.ActiveCfg = Debug|x86
		{41E0E42B-51E4-4CA7-927A-C56DE0D71517}.Debug|Mixed Platforms.Build.0 = Debug|x86
		{41E0E42B-51E4-4CA7-927A-C56DE0D71517}.Debug|x86.ActiveCfg = Debug|x86
		{41E0E42B-51E4-4CA7-927A-C56DE0D71517}.Debug|x86.Build.0 = Debug|x86
		{41E0E42B-51E4-4CA7-927A-C56DE0D71517}.Release|Any CPU.ActiveCfg = Release|x86
		{41E0E42B-51E4-4CA7-927A-C56DE0D71517}.Release|Mixed Platforms.ActiveCfg = Release|x86
		{41E0E42B-51E4-4CA7-927A-C56DE0D71517}.Release|Mixed Platforms.Build.0 = Release|x86
		{41E0E42B-51E4-4CA7-927A-C56DE0D71517}.Release|x86.ActiveCfg = Release|x86
		{41E0E42B-51E4-4CA7-927A-C56DE0D71517}.Release|x86.Build.0 = Release|x86
	EndGlobalSection
	GlobalSection(SolutionProperties) = preSolution
		HideSolutionNode = FALSE
	EndGlobalSection
EndGlobal
