
Microsoft Visual Studio Solution File, Format Version 11.00
# Visual Studio 2010
Project("{FAE04EC0-301F-11D3-BF4B-00C04F79EFBC}") = "QLearningWhite", "QLearningWhite\QLearningWhite.csproj", "{41165F55-11FC-4D5E-A39F-DFEE033B320F}"
EndProject
Project("{FAE04EC0-301F-11D3-BF4B-00C04F79EFBC}") = "ChessLaw", "..\ChessPresenter\ChessLaw\ChessLaw.csproj", "{9D200632-A81A-4005-900E-B2DA517D4A64}"
EndProject
Project("{FAE04EC0-301F-11D3-BF4B-00C04F79EFBC}") = "TestAI", "TestAI\TestAI.csproj", "{5C2E53DD-193C-430C-AB96-210F6700A38B}"
EndProject
Project("{FAE04EC0-301F-11D3-BF4B-00C04F79EFBC}") = "Data", "Data\Data.csproj", "{7F8BEA6A-0238-4BE8-A079-28DDFEF42F03}"
EndProject
Global
	GlobalSection(SolutionConfigurationPlatforms) = preSolution
		Debug|Any CPU = Debug|Any CPU
		Debug|Mixed Platforms = Debug|Mixed Platforms
		Debug|x86 = Debug|x86
		Release|Any CPU = Release|Any CPU
		Release|Mixed Platforms = Release|Mixed Platforms
		Release|x86 = Release|x86
	EndGlobalSection
	GlobalSection(ProjectConfigurationPlatforms) = postSolution
		{41165F55-11FC-4D5E-A39F-DFEE033B320F}.Debug|Any CPU.ActiveCfg = Debug|x86
		{41165F55-11FC-4D5E-A39F-DFEE033B320F}.Debug|Mixed Platforms.ActiveCfg = Debug|x86
		{41165F55-11FC-4D5E-A39F-DFEE033B320F}.Debug|Mixed Platforms.Build.0 = Debug|x86
		{41165F55-11FC-4D5E-A39F-DFEE033B320F}.Debug|x86.ActiveCfg = Debug|x86
		{41165F55-11FC-4D5E-A39F-DFEE033B320F}.Debug|x86.Build.0 = Debug|x86
		{41165F55-11FC-4D5E-A39F-DFEE033B320F}.Release|Any CPU.ActiveCfg = Release|x86
		{41165F55-11FC-4D5E-A39F-DFEE033B320F}.Release|Mixed Platforms.ActiveCfg = Release|x86
		{41165F55-11FC-4D5E-A39F-DFEE033B320F}.Release|Mixed Platforms.Build.0 = Release|x86
		{41165F55-11FC-4D5E-A39F-DFEE033B320F}.Release|x86.ActiveCfg = Release|x86
		{41165F55-11FC-4D5E-A39F-DFEE033B320F}.Release|x86.Build.0 = Release|x86
		{9D200632-A81A-4005-900E-B2DA517D4A64}.Debug|Any CPU.ActiveCfg = Debug|Any CPU
		{9D200632-A81A-4005-900E-B2DA517D4A64}.Debug|Any CPU.Build.0 = Debug|Any CPU
		{9D200632-A81A-4005-900E-B2DA517D4A64}.Debug|Mixed Platforms.ActiveCfg = Debug|Any CPU
		{9D200632-A81A-4005-900E-B2DA517D4A64}.Debug|Mixed Platforms.Build.0 = Debug|Any CPU
		{9D200632-A81A-4005-900E-B2DA517D4A64}.Debug|x86.ActiveCfg = Debug|Any CPU
		{9D200632-A81A-4005-900E-B2DA517D4A64}.Release|Any CPU.ActiveCfg = Release|Any CPU
		{9D200632-A81A-4005-900E-B2DA517D4A64}.Release|Any CPU.Build.0 = Release|Any CPU
		{9D200632-A81A-4005-900E-B2DA517D4A64}.Release|Mixed Platforms.ActiveCfg = Release|Any CPU
		{9D200632-A81A-4005-900E-B2DA517D4A64}.Release|Mixed Platforms.Build.0 = Release|Any CPU
		{9D200632-A81A-4005-900E-B2DA517D4A64}.Release|x86.ActiveCfg = Release|Any CPU
		{5C2E53DD-193C-430C-AB96-210F6700A38B}.Debug|Any CPU.ActiveCfg = Debug|x86
		{5C2E53DD-193C-430C-AB96-210F6700A38B}.Debug|Mixed Platforms.ActiveCfg = Debug|x86
		{5C2E53DD-193C-430C-AB96-210F6700A38B}.Debug|Mixed Platforms.Build.0 = Debug|x86
		{5C2E53DD-193C-430C-AB96-210F6700A38B}.Debug|x86.ActiveCfg = Debug|x86
		{5C2E53DD-193C-430C-AB96-210F6700A38B}.Debug|x86.Build.0 = Debug|x86
		{5C2E53DD-193C-430C-AB96-210F6700A38B}.Release|Any CPU.ActiveCfg = Release|x86
		{5C2E53DD-193C-430C-AB96-210F6700A38B}.Release|Mixed Platforms.ActiveCfg = Release|x86
		{5C2E53DD-193C-430C-AB96-210F6700A38B}.Release|Mixed Platforms.Build.0 = Release|x86
		{5C2E53DD-193C-430C-AB96-210F6700A38B}.Release|x86.ActiveCfg = Release|x86
		{5C2E53DD-193C-430C-AB96-210F6700A38B}.Release|x86.Build.0 = Release|x86
		{7F8BEA6A-0238-4BE8-A079-28DDFEF42F03}.Debug|Any CPU.ActiveCfg = Debug|Any CPU
		{7F8BEA6A-0238-4BE8-A079-28DDFEF42F03}.Debug|Any CPU.Build.0 = Debug|Any CPU
		{7F8BEA6A-0238-4BE8-A079-28DDFEF42F03}.Debug|Mixed Platforms.ActiveCfg = Debug|Any CPU
		{7F8BEA6A-0238-4BE8-A079-28DDFEF42F03}.Debug|Mixed Platforms.Build.0 = Debug|Any CPU
		{7F8BEA6A-0238-4BE8-A079-28DDFEF42F03}.Debug|x86.ActiveCfg = Debug|Any CPU
		{7F8BEA6A-0238-4BE8-A079-28DDFEF42F03}.Release|Any CPU.ActiveCfg = Release|Any CPU
		{7F8BEA6A-0238-4BE8-A079-28DDFEF42F03}.Release|Any CPU.Build.0 = Release|Any CPU
		{7F8BEA6A-0238-4BE8-A079-28DDFEF42F03}.Release|Mixed Platforms.ActiveCfg = Release|Any CPU
		{7F8BEA6A-0238-4BE8-A079-28DDFEF42F03}.Release|Mixed Platforms.Build.0 = Release|Any CPU
		{7F8BEA6A-0238-4BE8-A079-28DDFEF42F03}.Release|x86.ActiveCfg = Release|Any CPU
	EndGlobalSection
	GlobalSection(SolutionProperties) = preSolution
		HideSolutionNode = FALSE
	EndGlobalSection
EndGlobal
